
Microsoft Visual Studio Solution File, Format Version 12.00
# Visual Studio Version 17
VisualStudioVersion = 17.4.33213.308
MinimumVisualStudioVersion = 10.0.40219.1
Project("{FAE04EC0-301F-11D3-BF4B-00C04F79EFBC}") = "PROYECTO 1", "PROYECTO 1\PROYECTO 1.csproj", "{B6805434-9093-4C14-A805-37B1E215CCEC}"
EndProject
Global
	GlobalSection(SolutionConfigurationPlatforms) = preSolution
		Debug|Any CPU = Debug|Any CPU
		Release|Any CPU = Release|Any CPU
	EndGlobalSection
	GlobalSection(ProjectConfigurationPlatforms) = postSolution
		{B6805434-9093-4C14-A805-37B1E215CCEC}.Debug|Any CPU.ActiveCfg = Debug|Any CPU
		{B6805434-9093-4C14-A805-37B1E215CCEC}.Debug|Any CPU.Build.0 = Debug|Any CPU
		{B6805434-9093-4C14-A805-37B1E215CCEC}.Release|Any CPU.ActiveCfg = Release|Any CPU
		{B6805434-9093-4C14-A805-37B1E215CCEC}.Release|Any CPU.Build.0 = Release|Any CPU
	EndGlobalSection
	GlobalSection(SolutionProperties) = preSolution
		HideSolutionNode = FALSE
	EndGlobalSection
	GlobalSection(ExtensibilityGlobals) = postSolution
		SolutionGuid = {E90CF5F2-9923-4FE6-B6B1-AD97CFD1B5C8}
	EndGlobalSection
EndGlobal
